// !$*UTF8*$!
{
	archiveVersion = 1;
	classes = {
	};
	objectVersion = 56;
	objects = {

/* Begin PBXBuildFile section */
		BB0C2B2A2AA9BEEE0077DCB8 /* CryptoSwift in Frameworks */ = {isa = PBXBuildFile; productRef = BB0C2B292AA9BEEE0077DCB8 /* CryptoSwift */; };
		BB0C791F2AB6F4F700133319 /* SwipeCellKit in Frameworks */ = {isa = PBXBuildFile; productRef = BB0C791E2AB6F4F700133319 /* SwipeCellKit */; };
		BB112EE12AA5B4D50034C9B5 /* ProductCell.swift in Sources */ = {isa = PBXBuildFile; fileRef = BB112EE02AA5B4D50034C9B5 /* ProductCell.swift */; };
		BB1616902AB8468400D12758 /* loading.json in Resources */ = {isa = PBXBuildFile; fileRef = BB16168F2AB8468400D12758 /* loading.json */; };
		BB16169A2AB85A5700D12758 /* emptyList.json in Resources */ = {isa = PBXBuildFile; fileRef = BB1616992AB85A5700D12758 /* emptyList.json */; };
		BB298A5D2AAB33C600137FB6 /* AirbnbCereal_W_XBd.otf in Resources */ = {isa = PBXBuildFile; fileRef = BB298A5C2AAB2FAB00137FB6 /* AirbnbCereal_W_XBd.otf */; };
		BB298A632AAB355000137FB6 /* AirbnbCereal_W_Bk.otf in Resources */ = {isa = PBXBuildFile; fileRef = BB298A5F2AAB346D00137FB6 /* AirbnbCereal_W_Bk.otf */; };
		BB298A642AAB355200137FB6 /* AirbnbCereal_W_Blk.otf in Resources */ = {isa = PBXBuildFile; fileRef = BB298A622AAB346D00137FB6 /* AirbnbCereal_W_Blk.otf */; };
		BB298A652AAB355400137FB6 /* AirbnbCereal_W_Lt.otf in Resources */ = {isa = PBXBuildFile; fileRef = BB298A602AAB346D00137FB6 /* AirbnbCereal_W_Lt.otf */; };
		BB298A662AAB355600137FB6 /* AirbnbCereal_W_Md.otf in Resources */ = {isa = PBXBuildFile; fileRef = BB298A612AAB346D00137FB6 /* AirbnbCereal_W_Md.otf */; };
		BB298A682AAB3D2600137FB6 /* HomeConfigurator.swift in Sources */ = {isa = PBXBuildFile; fileRef = BB298A672AAB3D2600137FB6 /* HomeConfigurator.swift */; };
		BB298A6B2AAB485900137FB6 /* SavedView.swift in Sources */ = {isa = PBXBuildFile; fileRef = BB298A6A2AAB485900137FB6 /* SavedView.swift */; };
		BB298A712AAB54FE00137FB6 /* AnimatedItem.swift in Sources */ = {isa = PBXBuildFile; fileRef = BB298A702AAB54FE00137FB6 /* AnimatedItem.swift */; };
		BB298AB22AAC500100137FB6 /* HomeEntity.swift in Sources */ = {isa = PBXBuildFile; fileRef = BB298AB12AAC500100137FB6 /* HomeEntity.swift */; };
		BB298ABA2AAF225700137FB6 /* SavedInteractor.swift in Sources */ = {isa = PBXBuildFile; fileRef = BB298AB92AAF225700137FB6 /* SavedInteractor.swift */; };
		BB298ABC2AAF225E00137FB6 /* SavedPresenter.swift in Sources */ = {isa = PBXBuildFile; fileRef = BB298ABB2AAF225E00137FB6 /* SavedPresenter.swift */; };
		BB298AC02AAF227200137FB6 /* SavedConfigurator.swift in Sources */ = {isa = PBXBuildFile; fileRef = BB298ABF2AAF227200137FB6 /* SavedConfigurator.swift */; };
		BB298AC22AAF230500137FB6 /* SavedRouter.swift in Sources */ = {isa = PBXBuildFile; fileRef = BB298AC12AAF230500137FB6 /* SavedRouter.swift */; };
		BB298AC62AAF4DD100137FB6 /* HomeWelcomeView.swift in Sources */ = {isa = PBXBuildFile; fileRef = BB298AC52AAF4DD100137FB6 /* HomeWelcomeView.swift */; };
		BB298AD22AB0825E00137FB6 /* KeyboardManagingService.swift in Sources */ = {isa = PBXBuildFile; fileRef = BB298AD12AB0825E00137FB6 /* KeyboardManagingService.swift */; };
		BB34BB902A88C1EA006C2732 /* LoginConfigurator.swift in Sources */ = {isa = PBXBuildFile; fileRef = BB34BB8F2A88C1EA006C2732 /* LoginConfigurator.swift */; };
		BB34BB952A88C6DC006C2732 /* RegistrationInteractor.swift in Sources */ = {isa = PBXBuildFile; fileRef = BB34BB942A88C6DC006C2732 /* RegistrationInteractor.swift */; };
		BB34BB972A88C6E3006C2732 /* RegistrationRouter.swift in Sources */ = {isa = PBXBuildFile; fileRef = BB34BB962A88C6E3006C2732 /* RegistrationRouter.swift */; };
		BB34BB992A88C6EC006C2732 /* RegistrationPresenter.swift in Sources */ = {isa = PBXBuildFile; fileRef = BB34BB982A88C6EC006C2732 /* RegistrationPresenter.swift */; };
		BB34BB9B2A88C6F6006C2732 /* RegistrationView.swift in Sources */ = {isa = PBXBuildFile; fileRef = BB34BB9A2A88C6F6006C2732 /* RegistrationView.swift */; };
		BB34BB9D2A88C6FF006C2732 /* RegistrationConfigurator.swift in Sources */ = {isa = PBXBuildFile; fileRef = BB34BB9C2A88C6FF006C2732 /* RegistrationConfigurator.swift */; };
		BB48D86B2AA740EE00A874AC /* FatSecretProvider.swift in Sources */ = {isa = PBXBuildFile; fileRef = BB48D86A2AA740EE00A874AC /* FatSecretProvider.swift */; };
		BB6782992AC2E840003AF9D8 /* CalorieCounterStyle.swift in Sources */ = {isa = PBXBuildFile; fileRef = BB6782982AC2E840003AF9D8 /* CalorieCounterStyle.swift */; };
		BBA2961C2A82E6A2004996DE /* WelcomeStyle.swift in Sources */ = {isa = PBXBuildFile; fileRef = BBA2961B2A82E6A2004996DE /* WelcomeStyle.swift */; };
		BBA296212A82EA60004996DE /* LoginConstants.swift in Sources */ = {isa = PBXBuildFile; fileRef = BBA296202A82EA60004996DE /* LoginConstants.swift */; };
		BBA296242A863146004996DE /* WelcomeEntity.swift in Sources */ = {isa = PBXBuildFile; fileRef = BBA296232A863146004996DE /* WelcomeEntity.swift */; };
		BBA296262A86314F004996DE /* WelcomeInteractor.swift in Sources */ = {isa = PBXBuildFile; fileRef = BBA296252A86314F004996DE /* WelcomeInteractor.swift */; };
		BBA296282A863155004996DE /* WelcomePresenter.swift in Sources */ = {isa = PBXBuildFile; fileRef = BBA296272A863155004996DE /* WelcomePresenter.swift */; };
		BBA2962A2A863162004996DE /* WelcomeRouter.swift in Sources */ = {isa = PBXBuildFile; fileRef = BBA296292A863162004996DE /* WelcomeRouter.swift */; };
		BBA2962C2A86316C004996DE /* WelcomeView.swift in Sources */ = {isa = PBXBuildFile; fileRef = BBA2962B2A86316C004996DE /* WelcomeView.swift */; };
		BBA2962E2A864CA6004996DE /* UIColor+Extensions.swift in Sources */ = {isa = PBXBuildFile; fileRef = BBA2962D2A864CA6004996DE /* UIColor+Extensions.swift */; };
		BBA296342A866997004996DE /* WelcomeConfigurator.swift in Sources */ = {isa = PBXBuildFile; fileRef = BBA296332A866997004996DE /* WelcomeConfigurator.swift */; };
		BBB1FA592ABD896800E403BB /* DGCharts in Frameworks */ = {isa = PBXBuildFile; productRef = BBB1FA582ABD896800E403BB /* DGCharts */; };
		BBB1FA5B2ABD896800E403BB /* DGChartsDynamic in Frameworks */ = {isa = PBXBuildFile; productRef = BBB1FA5A2ABD896800E403BB /* DGChartsDynamic */; };
		BBBC5C9C2AC17A1C00DE22EE /* CalorieCounterCell.swift in Sources */ = {isa = PBXBuildFile; fileRef = BBBC5C9B2AC17A1C00DE22EE /* CalorieCounterCell.swift */; };
		BBBF30172AA885BA0089CD62 /* URLSession+Extension.swift in Sources */ = {isa = PBXBuildFile; fileRef = BBBF30162AA885BA0089CD62 /* URLSession+Extension.swift */; };
		BBBF30192AA8B9AB0089CD62 /* Array+Extension.swift in Sources */ = {isa = PBXBuildFile; fileRef = BBBF30182AA8B9AB0089CD62 /* Array+Extension.swift */; };
		BBBF301B2AA8BA480089CD62 /* URLComponents+Extensions.swift in Sources */ = {isa = PBXBuildFile; fileRef = BBBF301A2AA8BA480089CD62 /* URLComponents+Extensions.swift */; };
		BBC58CE32AB8A00400C4E32E /* CalorieCounterView.swift in Sources */ = {isa = PBXBuildFile; fileRef = BBC58CE22AB8A00400C4E32E /* CalorieCounterView.swift */; };
		BBC58CE52AB8A01000C4E32E /* CalorieCounterRouter.swift in Sources */ = {isa = PBXBuildFile; fileRef = BBC58CE42AB8A01000C4E32E /* CalorieCounterRouter.swift */; };
		BBC58CE72AB8A01A00C4E32E /* CalorieCounterPresenter.swift in Sources */ = {isa = PBXBuildFile; fileRef = BBC58CE62AB8A01A00C4E32E /* CalorieCounterPresenter.swift */; };
		BBC58CE92AB8A02300C4E32E /* CalorieCounterInteractor.swift in Sources */ = {isa = PBXBuildFile; fileRef = BBC58CE82AB8A02300C4E32E /* CalorieCounterInteractor.swift */; };
		BBC58CEB2AB8A08100C4E32E /* CalorieCounterConfigurator.swift in Sources */ = {isa = PBXBuildFile; fileRef = BBC58CEA2AB8A08100C4E32E /* CalorieCounterConfigurator.swift */; };
		BBC58CED2AB8A7A600C4E32E /* SavedStyle.swift in Sources */ = {isa = PBXBuildFile; fileRef = BBC58CEC2AB8A7A600C4E32E /* SavedStyle.swift */; };
		BBCD56E42A914ABC00F9BF61 /* HomeInteractor.swift in Sources */ = {isa = PBXBuildFile; fileRef = BBCD56E32A914ABC00F9BF61 /* HomeInteractor.swift */; };
		BBCD56E62A914B0600F9BF61 /* HomeRouter.swift in Sources */ = {isa = PBXBuildFile; fileRef = BBCD56E52A914B0600F9BF61 /* HomeRouter.swift */; };
		BBCD56E82A914B0E00F9BF61 /* HomePresenter.swift in Sources */ = {isa = PBXBuildFile; fileRef = BBCD56E72A914B0E00F9BF61 /* HomePresenter.swift */; };
		BBCD56EA2A914B1300F9BF61 /* HomeView.swift in Sources */ = {isa = PBXBuildFile; fileRef = BBCD56E92A914B1300F9BF61 /* HomeView.swift */; };
		BBCD56EC2A914B2F00F9BF61 /* TabBarConfigurator.swift in Sources */ = {isa = PBXBuildFile; fileRef = BBCD56EB2A914B2F00F9BF61 /* TabBarConfigurator.swift */; };
		BBCD56F02A91566A00F9BF61 /* UiControl+Extensions.swift in Sources */ = {isa = PBXBuildFile; fileRef = BBCD56EF2A91566A00F9BF61 /* UiControl+Extensions.swift */; };
		BBCD56F42A949A0300F9BF61 /* UIButton+Extensions.swift in Sources */ = {isa = PBXBuildFile; fileRef = BBCD56F32A949A0300F9BF61 /* UIButton+Extensions.swift */; };
		BBCD56F62A94A02000F9BF61 /* UILabel+Extensions.swift in Sources */ = {isa = PBXBuildFile; fileRef = BBCD56F52A94A02000F9BF61 /* UILabel+Extensions.swift */; };
		BBCD56F82A94A80900F9BF61 /* LoginStyle.swift in Sources */ = {isa = PBXBuildFile; fileRef = BBCD56F72A94A80900F9BF61 /* LoginStyle.swift */; };
		BBCD56FA2A94A81100F9BF61 /* RegistrationStyle.swift in Sources */ = {isa = PBXBuildFile; fileRef = BBCD56F92A94A81100F9BF61 /* RegistrationStyle.swift */; };
		BBCD56FC2A94A8C500F9BF61 /* GeneralStyle.swift in Sources */ = {isa = PBXBuildFile; fileRef = BBCD56FB2A94A8C500F9BF61 /* GeneralStyle.swift */; };
		BBCD56FE2A94ADED00F9BF61 /* AutoLayoutHelper.swift in Sources */ = {isa = PBXBuildFile; fileRef = BBCD56FD2A94ADED00F9BF61 /* AutoLayoutHelper.swift */; };
		BBCD57002A94C34500F9BF61 /* GoogleService-Info.plist in Resources */ = {isa = PBXBuildFile; fileRef = BBCD56FF2A94C34500F9BF61 /* GoogleService-Info.plist */; };
		BBCD57032A94C78800F9BF61 /* FirebaseAuth in Frameworks */ = {isa = PBXBuildFile; productRef = BBCD57022A94C78800F9BF61 /* FirebaseAuth */; };
		BBCD57052A94C78800F9BF61 /* FirebaseDatabaseSwift in Frameworks */ = {isa = PBXBuildFile; productRef = BBCD57042A94C78800F9BF61 /* FirebaseDatabaseSwift */; };
		BBCD57082A94DCD700F9BF61 /* FirebaseProviders.swift in Sources */ = {isa = PBXBuildFile; fileRef = BBCD57072A94DCD700F9BF61 /* FirebaseProviders.swift */; };
		BBCD570B2A94F7FF00F9BF61 /* Lottie in Frameworks */ = {isa = PBXBuildFile; productRef = BBCD570A2A94F7FF00F9BF61 /* Lottie */; };
		BBCD570E2A9B319100F9BF61 /* String+Extensions.swift in Sources */ = {isa = PBXBuildFile; fileRef = BBCD570D2A9B319100F9BF61 /* String+Extensions.swift */; };
		BBCD57112A9C7BB400F9BF61 /* LabeledLoginTextField.swift in Sources */ = {isa = PBXBuildFile; fileRef = BBCD57102A9C7BB400F9BF61 /* LabeledLoginTextField.swift */; };
		BBCD571F2AA0C53600F9BF61 /* HomeStyle.swift in Sources */ = {isa = PBXBuildFile; fileRef = BBCD571E2AA0C53600F9BF61 /* HomeStyle.swift */; };
		BBCD57212AA0C77D00F9BF61 /* HomeSearchView.swift in Sources */ = {isa = PBXBuildFile; fileRef = BBCD57202AA0C77D00F9BF61 /* HomeSearchView.swift */; };
		BBD3F36B2A8183BC00369CB2 /* AppDelegate.swift in Sources */ = {isa = PBXBuildFile; fileRef = BBD3F36A2A8183BC00369CB2 /* AppDelegate.swift */; };
		BBD3F36D2A8183BC00369CB2 /* SceneDelegate.swift in Sources */ = {isa = PBXBuildFile; fileRef = BBD3F36C2A8183BC00369CB2 /* SceneDelegate.swift */; };
		BBD3F36F2A8183BC00369CB2 /* LoginView.swift in Sources */ = {isa = PBXBuildFile; fileRef = BBD3F36E2A8183BC00369CB2 /* LoginView.swift */; };
		BBD3F3742A8183BD00369CB2 /* Assets.xcassets in Resources */ = {isa = PBXBuildFile; fileRef = BBD3F3732A8183BD00369CB2 /* Assets.xcassets */; };
		BBD3F3772A8183BD00369CB2 /* LaunchScreen.storyboard in Resources */ = {isa = PBXBuildFile; fileRef = BBD3F3752A8183BD00369CB2 /* LaunchScreen.storyboard */; };
		BBD3F3812A81853200369CB2 /* LoginInteractor.swift in Sources */ = {isa = PBXBuildFile; fileRef = BBD3F3802A81853200369CB2 /* LoginInteractor.swift */; };
		BBD3F3832A81853F00369CB2 /* LoginPresenter.swift in Sources */ = {isa = PBXBuildFile; fileRef = BBD3F3822A81853F00369CB2 /* LoginPresenter.swift */; };
		BBD3F3852A81854F00369CB2 /* LoginRouter.swift in Sources */ = {isa = PBXBuildFile; fileRef = BBD3F3842A81854F00369CB2 /* LoginRouter.swift */; };
		BBD3F3892A81894000369CB2 /* UIView+Extensions.swift in Sources */ = {isa = PBXBuildFile; fileRef = BBD3F3882A81894000369CB2 /* UIView+Extensions.swift */; };
		BBF2A0842AA22DAF00546736 /* HomeTabBarController.swift in Sources */ = {isa = PBXBuildFile; fileRef = BBF2A0832AA22DAF00546736 /* HomeTabBarController.swift */; };
/* End PBXBuildFile section */

/* Begin PBXFileReference section */
		BB112EE02AA5B4D50034C9B5 /* ProductCell.swift */ = {isa = PBXFileReference; lastKnownFileType = sourcecode.swift; path = ProductCell.swift; sourceTree = "<group>"; };
		BB16168F2AB8468400D12758 /* loading.json */ = {isa = PBXFileReference; fileEncoding = 4; lastKnownFileType = text.json; path = loading.json; sourceTree = "<group>"; };
		BB1616992AB85A5700D12758 /* emptyList.json */ = {isa = PBXFileReference; fileEncoding = 4; lastKnownFileType = text.json; path = emptyList.json; sourceTree = "<group>"; };
		BB298A5C2AAB2FAB00137FB6 /* AirbnbCereal_W_XBd.otf */ = {isa = PBXFileReference; lastKnownFileType = file; path = AirbnbCereal_W_XBd.otf; sourceTree = "<group>"; };
		BB298A5E2AAB346D00137FB6 /* AirbnbCereal_W_Bd.otf */ = {isa = PBXFileReference; lastKnownFileType = file; path = AirbnbCereal_W_Bd.otf; sourceTree = "<group>"; };
		BB298A5F2AAB346D00137FB6 /* AirbnbCereal_W_Bk.otf */ = {isa = PBXFileReference; lastKnownFileType = file; path = AirbnbCereal_W_Bk.otf; sourceTree = "<group>"; };
		BB298A602AAB346D00137FB6 /* AirbnbCereal_W_Lt.otf */ = {isa = PBXFileReference; lastKnownFileType = file; path = AirbnbCereal_W_Lt.otf; sourceTree = "<group>"; };
		BB298A612AAB346D00137FB6 /* AirbnbCereal_W_Md.otf */ = {isa = PBXFileReference; lastKnownFileType = file; path = AirbnbCereal_W_Md.otf; sourceTree = "<group>"; };
		BB298A622AAB346D00137FB6 /* AirbnbCereal_W_Blk.otf */ = {isa = PBXFileReference; lastKnownFileType = file; path = AirbnbCereal_W_Blk.otf; sourceTree = "<group>"; };
		BB298A672AAB3D2600137FB6 /* HomeConfigurator.swift */ = {isa = PBXFileReference; lastKnownFileType = sourcecode.swift; path = HomeConfigurator.swift; sourceTree = "<group>"; };
		BB298A6A2AAB485900137FB6 /* SavedView.swift */ = {isa = PBXFileReference; lastKnownFileType = sourcecode.swift; path = SavedView.swift; sourceTree = "<group>"; };
		BB298A702AAB54FE00137FB6 /* AnimatedItem.swift */ = {isa = PBXFileReference; lastKnownFileType = sourcecode.swift; path = AnimatedItem.swift; sourceTree = "<group>"; };
		BB298AB12AAC500100137FB6 /* HomeEntity.swift */ = {isa = PBXFileReference; lastKnownFileType = sourcecode.swift; path = HomeEntity.swift; sourceTree = "<group>"; };
		BB298AB92AAF225700137FB6 /* SavedInteractor.swift */ = {isa = PBXFileReference; lastKnownFileType = sourcecode.swift; path = SavedInteractor.swift; sourceTree = "<group>"; };
		BB298ABB2AAF225E00137FB6 /* SavedPresenter.swift */ = {isa = PBXFileReference; lastKnownFileType = sourcecode.swift; path = SavedPresenter.swift; sourceTree = "<group>"; };
		BB298ABF2AAF227200137FB6 /* SavedConfigurator.swift */ = {isa = PBXFileReference; lastKnownFileType = sourcecode.swift; path = SavedConfigurator.swift; sourceTree = "<group>"; };
		BB298AC12AAF230500137FB6 /* SavedRouter.swift */ = {isa = PBXFileReference; lastKnownFileType = sourcecode.swift; path = SavedRouter.swift; sourceTree = "<group>"; };
		BB298AC52AAF4DD100137FB6 /* HomeWelcomeView.swift */ = {isa = PBXFileReference; lastKnownFileType = sourcecode.swift; path = HomeWelcomeView.swift; sourceTree = "<group>"; };
		BB298AD12AB0825E00137FB6 /* KeyboardManagingService.swift */ = {isa = PBXFileReference; lastKnownFileType = sourcecode.swift; path = KeyboardManagingService.swift; sourceTree = "<group>"; };
		BB34BB8F2A88C1EA006C2732 /* LoginConfigurator.swift */ = {isa = PBXFileReference; lastKnownFileType = sourcecode.swift; path = LoginConfigurator.swift; sourceTree = "<group>"; };
		BB34BB942A88C6DC006C2732 /* RegistrationInteractor.swift */ = {isa = PBXFileReference; lastKnownFileType = sourcecode.swift; path = RegistrationInteractor.swift; sourceTree = "<group>"; };
		BB34BB962A88C6E3006C2732 /* RegistrationRouter.swift */ = {isa = PBXFileReference; lastKnownFileType = sourcecode.swift; path = RegistrationRouter.swift; sourceTree = "<group>"; };
		BB34BB982A88C6EC006C2732 /* RegistrationPresenter.swift */ = {isa = PBXFileReference; lastKnownFileType = sourcecode.swift; path = RegistrationPresenter.swift; sourceTree = "<group>"; };
		BB34BB9A2A88C6F6006C2732 /* RegistrationView.swift */ = {isa = PBXFileReference; lastKnownFileType = sourcecode.swift; path = RegistrationView.swift; sourceTree = "<group>"; };
		BB34BB9C2A88C6FF006C2732 /* RegistrationConfigurator.swift */ = {isa = PBXFileReference; lastKnownFileType = sourcecode.swift; path = RegistrationConfigurator.swift; sourceTree = "<group>"; };
		BB48D86A2AA740EE00A874AC /* FatSecretProvider.swift */ = {isa = PBXFileReference; lastKnownFileType = sourcecode.swift; path = FatSecretProvider.swift; sourceTree = "<group>"; };
		BB6782982AC2E840003AF9D8 /* CalorieCounterStyle.swift */ = {isa = PBXFileReference; lastKnownFileType = sourcecode.swift; path = CalorieCounterStyle.swift; sourceTree = "<group>"; };
		BBA2961B2A82E6A2004996DE /* WelcomeStyle.swift */ = {isa = PBXFileReference; lastKnownFileType = sourcecode.swift; path = WelcomeStyle.swift; sourceTree = "<group>"; };
		BBA296202A82EA60004996DE /* LoginConstants.swift */ = {isa = PBXFileReference; lastKnownFileType = sourcecode.swift; path = LoginConstants.swift; sourceTree = "<group>"; };
		BBA296232A863146004996DE /* WelcomeEntity.swift */ = {isa = PBXFileReference; lastKnownFileType = sourcecode.swift; path = WelcomeEntity.swift; sourceTree = "<group>"; };
		BBA296252A86314F004996DE /* WelcomeInteractor.swift */ = {isa = PBXFileReference; lastKnownFileType = sourcecode.swift; path = WelcomeInteractor.swift; sourceTree = "<group>"; };
		BBA296272A863155004996DE /* WelcomePresenter.swift */ = {isa = PBXFileReference; lastKnownFileType = sourcecode.swift; path = WelcomePresenter.swift; sourceTree = "<group>"; };
		BBA296292A863162004996DE /* WelcomeRouter.swift */ = {isa = PBXFileReference; lastKnownFileType = sourcecode.swift; path = WelcomeRouter.swift; sourceTree = "<group>"; };
		BBA2962B2A86316C004996DE /* WelcomeView.swift */ = {isa = PBXFileReference; lastKnownFileType = sourcecode.swift; path = WelcomeView.swift; sourceTree = "<group>"; };
		BBA2962D2A864CA6004996DE /* UIColor+Extensions.swift */ = {isa = PBXFileReference; lastKnownFileType = sourcecode.swift; path = "UIColor+Extensions.swift"; sourceTree = "<group>"; };
		BBA296332A866997004996DE /* WelcomeConfigurator.swift */ = {isa = PBXFileReference; lastKnownFileType = sourcecode.swift; path = WelcomeConfigurator.swift; sourceTree = "<group>"; };
		BBBC5C9B2AC17A1C00DE22EE /* CalorieCounterCell.swift */ = {isa = PBXFileReference; lastKnownFileType = sourcecode.swift; path = CalorieCounterCell.swift; sourceTree = "<group>"; };
		BBBF30162AA885BA0089CD62 /* URLSession+Extension.swift */ = {isa = PBXFileReference; lastKnownFileType = sourcecode.swift; path = "URLSession+Extension.swift"; sourceTree = "<group>"; };
		BBBF30182AA8B9AB0089CD62 /* Array+Extension.swift */ = {isa = PBXFileReference; lastKnownFileType = sourcecode.swift; path = "Array+Extension.swift"; sourceTree = "<group>"; };
		BBBF301A2AA8BA480089CD62 /* URLComponents+Extensions.swift */ = {isa = PBXFileReference; lastKnownFileType = sourcecode.swift; path = "URLComponents+Extensions.swift"; sourceTree = "<group>"; };
		BBC58CE22AB8A00400C4E32E /* CalorieCounterView.swift */ = {isa = PBXFileReference; lastKnownFileType = sourcecode.swift; path = CalorieCounterView.swift; sourceTree = "<group>"; };
		BBC58CE42AB8A01000C4E32E /* CalorieCounterRouter.swift */ = {isa = PBXFileReference; lastKnownFileType = sourcecode.swift; path = CalorieCounterRouter.swift; sourceTree = "<group>"; };
		BBC58CE62AB8A01A00C4E32E /* CalorieCounterPresenter.swift */ = {isa = PBXFileReference; lastKnownFileType = sourcecode.swift; path = CalorieCounterPresenter.swift; sourceTree = "<group>"; };
		BBC58CE82AB8A02300C4E32E /* CalorieCounterInteractor.swift */ = {isa = PBXFileReference; lastKnownFileType = sourcecode.swift; path = CalorieCounterInteractor.swift; sourceTree = "<group>"; };
		BBC58CEA2AB8A08100C4E32E /* CalorieCounterConfigurator.swift */ = {isa = PBXFileReference; lastKnownFileType = sourcecode.swift; path = CalorieCounterConfigurator.swift; sourceTree = "<group>"; };
		BBC58CEC2AB8A7A600C4E32E /* SavedStyle.swift */ = {isa = PBXFileReference; lastKnownFileType = sourcecode.swift; path = SavedStyle.swift; sourceTree = "<group>"; };
		BBCD56E32A914ABC00F9BF61 /* HomeInteractor.swift */ = {isa = PBXFileReference; lastKnownFileType = sourcecode.swift; path = HomeInteractor.swift; sourceTree = "<group>"; };
		BBCD56E52A914B0600F9BF61 /* HomeRouter.swift */ = {isa = PBXFileReference; lastKnownFileType = sourcecode.swift; path = HomeRouter.swift; sourceTree = "<group>"; };
		BBCD56E72A914B0E00F9BF61 /* HomePresenter.swift */ = {isa = PBXFileReference; lastKnownFileType = sourcecode.swift; path = HomePresenter.swift; sourceTree = "<group>"; };
		BBCD56E92A914B1300F9BF61 /* HomeView.swift */ = {isa = PBXFileReference; lastKnownFileType = sourcecode.swift; path = HomeView.swift; sourceTree = "<group>"; };
		BBCD56EB2A914B2F00F9BF61 /* TabBarConfigurator.swift */ = {isa = PBXFileReference; lastKnownFileType = sourcecode.swift; path = TabBarConfigurator.swift; sourceTree = "<group>"; };
		BBCD56EF2A91566A00F9BF61 /* UiControl+Extensions.swift */ = {isa = PBXFileReference; lastKnownFileType = sourcecode.swift; path = "UiControl+Extensions.swift"; sourceTree = "<group>"; };
		BBCD56F32A949A0300F9BF61 /* UIButton+Extensions.swift */ = {isa = PBXFileReference; lastKnownFileType = sourcecode.swift; path = "UIButton+Extensions.swift"; sourceTree = "<group>"; };
		BBCD56F52A94A02000F9BF61 /* UILabel+Extensions.swift */ = {isa = PBXFileReference; lastKnownFileType = sourcecode.swift; path = "UILabel+Extensions.swift"; sourceTree = "<group>"; };
		BBCD56F72A94A80900F9BF61 /* LoginStyle.swift */ = {isa = PBXFileReference; lastKnownFileType = sourcecode.swift; path = LoginStyle.swift; sourceTree = "<group>"; };
		BBCD56F92A94A81100F9BF61 /* RegistrationStyle.swift */ = {isa = PBXFileReference; lastKnownFileType = sourcecode.swift; path = RegistrationStyle.swift; sourceTree = "<group>"; };
		BBCD56FB2A94A8C500F9BF61 /* GeneralStyle.swift */ = {isa = PBXFileReference; lastKnownFileType = sourcecode.swift; path = GeneralStyle.swift; sourceTree = "<group>"; };
		BBCD56FD2A94ADED00F9BF61 /* AutoLayoutHelper.swift */ = {isa = PBXFileReference; lastKnownFileType = sourcecode.swift; path = AutoLayoutHelper.swift; sourceTree = "<group>"; };
		BBCD56FF2A94C34500F9BF61 /* GoogleService-Info.plist */ = {isa = PBXFileReference; fileEncoding = 4; lastKnownFileType = text.plist.xml; path = "GoogleService-Info.plist"; sourceTree = "<group>"; };
		BBCD57072A94DCD700F9BF61 /* FirebaseProviders.swift */ = {isa = PBXFileReference; lastKnownFileType = sourcecode.swift; path = FirebaseProviders.swift; sourceTree = "<group>"; };
		BBCD570D2A9B319100F9BF61 /* String+Extensions.swift */ = {isa = PBXFileReference; lastKnownFileType = sourcecode.swift; path = "String+Extensions.swift"; sourceTree = "<group>"; };
		BBCD57102A9C7BB400F9BF61 /* LabeledLoginTextField.swift */ = {isa = PBXFileReference; lastKnownFileType = sourcecode.swift; path = LabeledLoginTextField.swift; sourceTree = "<group>"; };
		BBCD571E2AA0C53600F9BF61 /* HomeStyle.swift */ = {isa = PBXFileReference; lastKnownFileType = sourcecode.swift; path = HomeStyle.swift; sourceTree = "<group>"; };
		BBCD57202AA0C77D00F9BF61 /* HomeSearchView.swift */ = {isa = PBXFileReference; lastKnownFileType = sourcecode.swift; path = HomeSearchView.swift; sourceTree = "<group>"; };
		BBD3F3672A8183BC00369CB2 /* RecipeApp.app */ = {isa = PBXFileReference; explicitFileType = wrapper.application; includeInIndex = 0; path = RecipeApp.app; sourceTree = BUILT_PRODUCTS_DIR; };
		BBD3F36A2A8183BC00369CB2 /* AppDelegate.swift */ = {isa = PBXFileReference; lastKnownFileType = sourcecode.swift; path = AppDelegate.swift; sourceTree = "<group>"; };
		BBD3F36C2A8183BC00369CB2 /* SceneDelegate.swift */ = {isa = PBXFileReference; lastKnownFileType = sourcecode.swift; path = SceneDelegate.swift; sourceTree = "<group>"; };
		BBD3F36E2A8183BC00369CB2 /* LoginView.swift */ = {isa = PBXFileReference; lastKnownFileType = sourcecode.swift; path = LoginView.swift; sourceTree = "<group>"; };
		BBD3F3732A8183BD00369CB2 /* Assets.xcassets */ = {isa = PBXFileReference; lastKnownFileType = folder.assetcatalog; path = Assets.xcassets; sourceTree = "<group>"; };
		BBD3F3762A8183BD00369CB2 /* Base */ = {isa = PBXFileReference; lastKnownFileType = file.storyboard; name = Base; path = Base.lproj/LaunchScreen.storyboard; sourceTree = "<group>"; };
		BBD3F3782A8183BD00369CB2 /* Info.plist */ = {isa = PBXFileReference; lastKnownFileType = text.plist.xml; path = Info.plist; sourceTree = "<group>"; };
		BBD3F3802A81853200369CB2 /* LoginInteractor.swift */ = {isa = PBXFileReference; lastKnownFileType = sourcecode.swift; path = LoginInteractor.swift; sourceTree = "<group>"; };
		BBD3F3822A81853F00369CB2 /* LoginPresenter.swift */ = {isa = PBXFileReference; lastKnownFileType = sourcecode.swift; path = LoginPresenter.swift; sourceTree = "<group>"; };
		BBD3F3842A81854F00369CB2 /* LoginRouter.swift */ = {isa = PBXFileReference; lastKnownFileType = sourcecode.swift; path = LoginRouter.swift; sourceTree = "<group>"; };
		BBD3F3882A81894000369CB2 /* UIView+Extensions.swift */ = {isa = PBXFileReference; lastKnownFileType = sourcecode.swift; path = "UIView+Extensions.swift"; sourceTree = "<group>"; };
		BBF2A0832AA22DAF00546736 /* HomeTabBarController.swift */ = {isa = PBXFileReference; lastKnownFileType = sourcecode.swift; path = HomeTabBarController.swift; sourceTree = "<group>"; };
/* End PBXFileReference section */

/* Begin PBXFrameworksBuildPhase section */
		BBD3F3642A8183BC00369CB2 /* Frameworks */ = {
			isa = PBXFrameworksBuildPhase;
			buildActionMask = 2147483647;
			files = (
				BBCD57052A94C78800F9BF61 /* FirebaseDatabaseSwift in Frameworks */,
				BB0C2B2A2AA9BEEE0077DCB8 /* CryptoSwift in Frameworks */,
				BBCD57032A94C78800F9BF61 /* FirebaseAuth in Frameworks */,
				BB0C791F2AB6F4F700133319 /* SwipeCellKit in Frameworks */,
				BBB1FA592ABD896800E403BB /* DGCharts in Frameworks */,
				BBB1FA5B2ABD896800E403BB /* DGChartsDynamic in Frameworks */,
				BBCD570B2A94F7FF00F9BF61 /* Lottie in Frameworks */,
			);
			runOnlyForDeploymentPostprocessing = 0;
		};
/* End PBXFrameworksBuildPhase section */

/* Begin PBXGroup section */
		BB112EDF2AA5B4C70034C9B5 /* Cells */ = {
			isa = PBXGroup;
			children = (
				BB112EE02AA5B4D50034C9B5 /* ProductCell.swift */,
			);
			path = Cells;
			sourceTree = "<group>";
		};
		BB1F907E2AA68051008D2EBA /* Lottie */ = {
			isa = PBXGroup;
			children = (
				BB1616992AB85A5700D12758 /* emptyList.json */,
				BB16168F2AB8468400D12758 /* loading.json */,
			);
			path = Lottie;
			sourceTree = "<group>";
		};
		BB298A592AAB2CB000137FB6 /* Fonts */ = {
			isa = PBXGroup;
			children = (
				BB298A5E2AAB346D00137FB6 /* AirbnbCereal_W_Bd.otf */,
				BB298A5F2AAB346D00137FB6 /* AirbnbCereal_W_Bk.otf */,
				BB298A622AAB346D00137FB6 /* AirbnbCereal_W_Blk.otf */,
				BB298A602AAB346D00137FB6 /* AirbnbCereal_W_Lt.otf */,
				BB298A612AAB346D00137FB6 /* AirbnbCereal_W_Md.otf */,
				BB298A5C2AAB2FAB00137FB6 /* AirbnbCereal_W_XBd.otf */,
			);
			path = Fonts;
			sourceTree = "<group>";
		};
		BB298A692AAB484500137FB6 /* Saved */ = {
			isa = PBXGroup;
			children = (
				BB298A6A2AAB485900137FB6 /* SavedView.swift */,
				BB298AB92AAF225700137FB6 /* SavedInteractor.swift */,
				BB298ABB2AAF225E00137FB6 /* SavedPresenter.swift */,
				BB298ABF2AAF227200137FB6 /* SavedConfigurator.swift */,
				BB298AC12AAF230500137FB6 /* SavedRouter.swift */,
			);
			path = Saved;
			sourceTree = "<group>";
		};
		BB34BB912A88C6B3006C2732 /* Registration */ = {
			isa = PBXGroup;
			children = (
				BB34BB942A88C6DC006C2732 /* RegistrationInteractor.swift */,
				BB34BB962A88C6E3006C2732 /* RegistrationRouter.swift */,
				BB34BB982A88C6EC006C2732 /* RegistrationPresenter.swift */,
				BB34BB9A2A88C6F6006C2732 /* RegistrationView.swift */,
				BB34BB9C2A88C6FF006C2732 /* RegistrationConfigurator.swift */,
			);
			path = Registration;
			sourceTree = "<group>";
		};
		BBA296222A863133004996DE /* Welcome */ = {
			isa = PBXGroup;
			children = (
				BBA296232A863146004996DE /* WelcomeEntity.swift */,
				BBA296252A86314F004996DE /* WelcomeInteractor.swift */,
				BBA296292A863162004996DE /* WelcomeRouter.swift */,
				BBA296272A863155004996DE /* WelcomePresenter.swift */,
				BBA2962B2A86316C004996DE /* WelcomeView.swift */,
				BBA296332A866997004996DE /* WelcomeConfigurator.swift */,
			);
			path = Welcome;
			sourceTree = "<group>";
		};
		BBBC5C9A2AC17A0700DE22EE /* Subviews */ = {
			isa = PBXGroup;
			children = (
				BBBC5C9B2AC17A1C00DE22EE /* CalorieCounterCell.swift */,
			);
			path = Subviews;
			sourceTree = "<group>";
		};
		BBC58CE12AB89FF700C4E32E /* CalorieCounter */ = {
			isa = PBXGroup;
			children = (
				BBBC5C9A2AC17A0700DE22EE /* Subviews */,
				BBC58CE22AB8A00400C4E32E /* CalorieCounterView.swift */,
				BBC58CE42AB8A01000C4E32E /* CalorieCounterRouter.swift */,
				BBC58CE62AB8A01A00C4E32E /* CalorieCounterPresenter.swift */,
				BBC58CE82AB8A02300C4E32E /* CalorieCounterInteractor.swift */,
				BBC58CEA2AB8A08100C4E32E /* CalorieCounterConfigurator.swift */,
			);
			path = CalorieCounter;
			sourceTree = "<group>";
		};
		BBCD56E02A914AA700F9BF61 /* Home */ = {
			isa = PBXGroup;
			children = (
				BB112EDF2AA5B4C70034C9B5 /* Cells */,
				BBCD57192AA0AE3D00F9BF61 /* Subviews */,
				BBCD56E32A914ABC00F9BF61 /* HomeInteractor.swift */,
				BBCD56E52A914B0600F9BF61 /* HomeRouter.swift */,
				BBCD56E72A914B0E00F9BF61 /* HomePresenter.swift */,
				BBCD56E92A914B1300F9BF61 /* HomeView.swift */,
				BB298A672AAB3D2600137FB6 /* HomeConfigurator.swift */,
				BB298AB12AAC500100137FB6 /* HomeEntity.swift */,
			);
			path = Home;
			sourceTree = "<group>";
		};
		BBCD56F12A91581B00F9BF61 /* Screens */ = {
			isa = PBXGroup;
			children = (
				BBF2A0822AA22D8800546736 /* TabBar */,
				BB34BB912A88C6B3006C2732 /* Registration */,
				BBD3F38A2A818BCA00369CB2 /* Login */,
				BBA296222A863133004996DE /* Welcome */,
			);
			path = Screens;
			sourceTree = "<group>";
		};
		BBCD56F22A91584400F9BF61 /* Styles */ = {
			isa = PBXGroup;
			children = (
				BBA2961B2A82E6A2004996DE /* WelcomeStyle.swift */,
				BBCD56F72A94A80900F9BF61 /* LoginStyle.swift */,
				BBCD56F92A94A81100F9BF61 /* RegistrationStyle.swift */,
				BBCD56FB2A94A8C500F9BF61 /* GeneralStyle.swift */,
				BBCD571E2AA0C53600F9BF61 /* HomeStyle.swift */,
				BBC58CEC2AB8A7A600C4E32E /* SavedStyle.swift */,
				BB6782982AC2E840003AF9D8 /* CalorieCounterStyle.swift */,
			);
			path = Styles;
			sourceTree = "<group>";
		};
		BBCD57062A94DCC600F9BF61 /* Provider */ = {
			isa = PBXGroup;
			children = (
				BBCD57072A94DCD700F9BF61 /* FirebaseProviders.swift */,
				BB48D86A2AA740EE00A874AC /* FatSecretProvider.swift */,
			);
			path = Provider;
			sourceTree = "<group>";
		};
		BBCD570C2A9B315800F9BF61 /* Extensions */ = {
			isa = PBXGroup;
			children = (
				BBD3F3882A81894000369CB2 /* UIView+Extensions.swift */,
				BBA2962D2A864CA6004996DE /* UIColor+Extensions.swift */,
				BBCD56EF2A91566A00F9BF61 /* UiControl+Extensions.swift */,
				BBCD56F32A949A0300F9BF61 /* UIButton+Extensions.swift */,
				BBCD56F52A94A02000F9BF61 /* UILabel+Extensions.swift */,
				BBCD570D2A9B319100F9BF61 /* String+Extensions.swift */,
				BBBF30162AA885BA0089CD62 /* URLSession+Extension.swift */,
				BBBF30182AA8B9AB0089CD62 /* Array+Extension.swift */,
				BBBF301A2AA8BA480089CD62 /* URLComponents+Extensions.swift */,
			);
			path = Extensions;
			sourceTree = "<group>";
		};
		BBCD57192AA0AE3D00F9BF61 /* Subviews */ = {
			isa = PBXGroup;
			children = (
				BBCD57202AA0C77D00F9BF61 /* HomeSearchView.swift */,
				BB298AC52AAF4DD100137FB6 /* HomeWelcomeView.swift */,
			);
			path = Subviews;
			sourceTree = "<group>";
		};
		BBD3F35E2A8183BC00369CB2 = {
			isa = PBXGroup;
			children = (
				BBD3F3692A8183BC00369CB2 /* RecipeApp */,
				BBD3F3682A8183BC00369CB2 /* Products */,
			);
			sourceTree = "<group>";
		};
		BBD3F3682A8183BC00369CB2 /* Products */ = {
			isa = PBXGroup;
			children = (
				BBD3F3672A8183BC00369CB2 /* RecipeApp.app */,
			);
			name = Products;
			sourceTree = "<group>";
		};
		BBD3F3692A8183BC00369CB2 /* RecipeApp */ = {
			isa = PBXGroup;
			children = (
				BB298A592AAB2CB000137FB6 /* Fonts */,
				BB1F907E2AA68051008D2EBA /* Lottie */,
				BBCD57062A94DCC600F9BF61 /* Provider */,
				BBCD56F22A91584400F9BF61 /* Styles */,
				BBCD56F12A91581B00F9BF61 /* Screens */,
				BBD3F38B2A818BDF00369CB2 /* Helper */,
				BBD3F3732A8183BD00369CB2 /* Assets.xcassets */,
				BBCD56FF2A94C34500F9BF61 /* GoogleService-Info.plist */,
				BBD3F3752A8183BD00369CB2 /* LaunchScreen.storyboard */,
				BBD3F3782A8183BD00369CB2 /* Info.plist */,
			);
			path = RecipeApp;
			sourceTree = "<group>";
		};
		BBD3F38A2A818BCA00369CB2 /* Login */ = {
			isa = PBXGroup;
			children = (
				BBD3F3802A81853200369CB2 /* LoginInteractor.swift */,
				BBD3F3842A81854F00369CB2 /* LoginRouter.swift */,
				BBD3F3822A81853F00369CB2 /* LoginPresenter.swift */,
				BBD3F36E2A8183BC00369CB2 /* LoginView.swift */,
				BB34BB8F2A88C1EA006C2732 /* LoginConfigurator.swift */,
				BBA296202A82EA60004996DE /* LoginConstants.swift */,
				BBCD57102A9C7BB400F9BF61 /* LabeledLoginTextField.swift */,
			);
			path = Login;
			sourceTree = "<group>";
		};
		BBD3F38B2A818BDF00369CB2 /* Helper */ = {
			isa = PBXGroup;
			children = (
				BBCD570C2A9B315800F9BF61 /* Extensions */,
				BBD3F36C2A8183BC00369CB2 /* SceneDelegate.swift */,
				BBD3F36A2A8183BC00369CB2 /* AppDelegate.swift */,
				BBCD56FD2A94ADED00F9BF61 /* AutoLayoutHelper.swift */,
				BB298AD12AB0825E00137FB6 /* KeyboardManagingService.swift */,
			);
			path = Helper;
			sourceTree = "<group>";
		};
		BBF2A0822AA22D8800546736 /* TabBar */ = {
			isa = PBXGroup;
			children = (
				BBC58CE12AB89FF700C4E32E /* CalorieCounter */,
				BBCD56E02A914AA700F9BF61 /* Home */,
				BB298A692AAB484500137FB6 /* Saved */,
				BBF2A0832AA22DAF00546736 /* HomeTabBarController.swift */,
				BBCD56EB2A914B2F00F9BF61 /* TabBarConfigurator.swift */,
				BB298A702AAB54FE00137FB6 /* AnimatedItem.swift */,
			);
			path = TabBar;
			sourceTree = "<group>";
		};
/* End PBXGroup section */

/* Begin PBXNativeTarget section */
		BBD3F3662A8183BC00369CB2 /* RecipeApp */ = {
			isa = PBXNativeTarget;
			buildConfigurationList = BBD3F37B2A8183BD00369CB2 /* Build configuration list for PBXNativeTarget "RecipeApp" */;
			buildPhases = (
				BBD3F3632A8183BC00369CB2 /* Sources */,
				BBD3F3642A8183BC00369CB2 /* Frameworks */,
				BBD3F3652A8183BC00369CB2 /* Resources */,
			);
			buildRules = (
			);
			dependencies = (
			);
			name = RecipeApp;
			packageProductDependencies = (
				BBCD57022A94C78800F9BF61 /* FirebaseAuth */,
				BBCD57042A94C78800F9BF61 /* FirebaseDatabaseSwift */,
				BBCD570A2A94F7FF00F9BF61 /* Lottie */,
				BB0C2B292AA9BEEE0077DCB8 /* CryptoSwift */,
				BB0C791E2AB6F4F700133319 /* SwipeCellKit */,
				BBB1FA582ABD896800E403BB /* DGCharts */,
				BBB1FA5A2ABD896800E403BB /* DGChartsDynamic */,
			);
			productName = RecipeApp;
			productReference = BBD3F3672A8183BC00369CB2 /* RecipeApp.app */;
			productType = "com.apple.product-type.application";
		};
/* End PBXNativeTarget section */

/* Begin PBXProject section */
		BBD3F35F2A8183BC00369CB2 /* Project object */ = {
			isa = PBXProject;
			attributes = {
				BuildIndependentTargetsInParallel = 1;
				LastSwiftUpdateCheck = 1430;
				LastUpgradeCheck = 1430;
				TargetAttributes = {
					BBD3F3662A8183BC00369CB2 = {
						CreatedOnToolsVersion = 14.3;
					};
				};
			};
			buildConfigurationList = BBD3F3622A8183BC00369CB2 /* Build configuration list for PBXProject "RecipeApp" */;
			compatibilityVersion = "Xcode 14.0";
			developmentRegion = en;
			hasScannedForEncodings = 0;
			knownRegions = (
				en,
				Base,
			);
			mainGroup = BBD3F35E2A8183BC00369CB2;
			packageReferences = (
				BBCD57012A94C78800F9BF61 /* XCRemoteSwiftPackageReference "firebase-ios-sdk" */,
				BBCD57092A94F7FF00F9BF61 /* XCRemoteSwiftPackageReference "lottie-ios" */,
				BB0C2B282AA9BEEE0077DCB8 /* XCRemoteSwiftPackageReference "CryptoSwift" */,
				BB0C791D2AB6F4F700133319 /* XCRemoteSwiftPackageReference "SwipeCellKit" */,
				BBB1FA572ABD896800E403BB /* XCRemoteSwiftPackageReference "Charts" */,
			);
			productRefGroup = BBD3F3682A8183BC00369CB2 /* Products */;
			projectDirPath = "";
			projectRoot = "";
			targets = (
				BBD3F3662A8183BC00369CB2 /* RecipeApp */,
			);
		};
/* End PBXProject section */

/* Begin PBXResourcesBuildPhase section */
		BBD3F3652A8183BC00369CB2 /* Resources */ = {
			isa = PBXResourcesBuildPhase;
			buildActionMask = 2147483647;
			files = (
				BB298A662AAB355600137FB6 /* AirbnbCereal_W_Md.otf in Resources */,
				BB298A632AAB355000137FB6 /* AirbnbCereal_W_Bk.otf in Resources */,
				BBD3F3772A8183BD00369CB2 /* LaunchScreen.storyboard in Resources */,
				BB298A652AAB355400137FB6 /* AirbnbCereal_W_Lt.otf in Resources */,
				BB298A642AAB355200137FB6 /* AirbnbCereal_W_Blk.otf in Resources */,
				BB298A5D2AAB33C600137FB6 /* AirbnbCereal_W_XBd.otf in Resources */,
				BBD3F3742A8183BD00369CB2 /* Assets.xcassets in Resources */,
				BB1616902AB8468400D12758 /* loading.json in Resources */,
				BB16169A2AB85A5700D12758 /* emptyList.json in Resources */,
				BBCD57002A94C34500F9BF61 /* GoogleService-Info.plist in Resources */,
			);
			runOnlyForDeploymentPostprocessing = 0;
		};
/* End PBXResourcesBuildPhase section */

/* Begin PBXSourcesBuildPhase section */
		BBD3F3632A8183BC00369CB2 /* Sources */ = {
			isa = PBXSourcesBuildPhase;
			buildActionMask = 2147483647;
			files = (
				BB34BB972A88C6E3006C2732 /* RegistrationRouter.swift in Sources */,
				BB298A712AAB54FE00137FB6 /* AnimatedItem.swift in Sources */,
				BBCD570E2A9B319100F9BF61 /* String+Extensions.swift in Sources */,
				BB34BB992A88C6EC006C2732 /* RegistrationPresenter.swift in Sources */,
				BBD3F3832A81853F00369CB2 /* LoginPresenter.swift in Sources */,
				BBCD57082A94DCD700F9BF61 /* FirebaseProviders.swift in Sources */,
				BBCD56E82A914B0E00F9BF61 /* HomePresenter.swift in Sources */,
				BBC58CE52AB8A01000C4E32E /* CalorieCounterRouter.swift in Sources */,
				BBBC5C9C2AC17A1C00DE22EE /* CalorieCounterCell.swift in Sources */,
				BB298AC02AAF227200137FB6 /* SavedConfigurator.swift in Sources */,
				BBC58CE92AB8A02300C4E32E /* CalorieCounterInteractor.swift in Sources */,
				BBCD56E62A914B0600F9BF61 /* HomeRouter.swift in Sources */,
				BBD3F36F2A8183BC00369CB2 /* LoginView.swift in Sources */,
				BB298AC22AAF230500137FB6 /* SavedRouter.swift in Sources */,
				BBCD57112A9C7BB400F9BF61 /* LabeledLoginTextField.swift in Sources */,
				BBA2962C2A86316C004996DE /* WelcomeView.swift in Sources */,
				BBA2962A2A863162004996DE /* WelcomeRouter.swift in Sources */,
				BBCD56F42A949A0300F9BF61 /* UIButton+Extensions.swift in Sources */,
				BBD3F3892A81894000369CB2 /* UIView+Extensions.swift in Sources */,
				BBC58CEB2AB8A08100C4E32E /* CalorieCounterConfigurator.swift in Sources */,
				BBA296262A86314F004996DE /* WelcomeInteractor.swift in Sources */,
				BBCD56EC2A914B2F00F9BF61 /* TabBarConfigurator.swift in Sources */,
				BBF2A0842AA22DAF00546736 /* HomeTabBarController.swift in Sources */,
				BBD3F3852A81854F00369CB2 /* LoginRouter.swift in Sources */,
				BBBF30172AA885BA0089CD62 /* URLSession+Extension.swift in Sources */,
				BBD3F3812A81853200369CB2 /* LoginInteractor.swift in Sources */,
				BBCD56FE2A94ADED00F9BF61 /* AutoLayoutHelper.swift in Sources */,
				BBCD56EA2A914B1300F9BF61 /* HomeView.swift in Sources */,
				BBBF30192AA8B9AB0089CD62 /* Array+Extension.swift in Sources */,
				BB34BB952A88C6DC006C2732 /* RegistrationInteractor.swift in Sources */,
				BB34BB9B2A88C6F6006C2732 /* RegistrationView.swift in Sources */,
				BBA296342A866997004996DE /* WelcomeConfigurator.swift in Sources */,
				BBCD57212AA0C77D00F9BF61 /* HomeSearchView.swift in Sources */,
				BBD3F36B2A8183BC00369CB2 /* AppDelegate.swift in Sources */,
				BBA296282A863155004996DE /* WelcomePresenter.swift in Sources */,
				BB298ABC2AAF225E00137FB6 /* SavedPresenter.swift in Sources */,
				BB298AB22AAC500100137FB6 /* HomeEntity.swift in Sources */,
				BBA2962E2A864CA6004996DE /* UIColor+Extensions.swift in Sources */,
				BBA296212A82EA60004996DE /* LoginConstants.swift in Sources */,
				BBA2961C2A82E6A2004996DE /* WelcomeStyle.swift in Sources */,
				BB34BB9D2A88C6FF006C2732 /* RegistrationConfigurator.swift in Sources */,
				BBC58CE32AB8A00400C4E32E /* CalorieCounterView.swift in Sources */,
				BBC58CE72AB8A01A00C4E32E /* CalorieCounterPresenter.swift in Sources */,
				BBCD56F82A94A80900F9BF61 /* LoginStyle.swift in Sources */,
				BBCD56F02A91566A00F9BF61 /* UiControl+Extensions.swift in Sources */,
				BB298A682AAB3D2600137FB6 /* HomeConfigurator.swift in Sources */,
				BBBF301B2AA8BA480089CD62 /* URLComponents+Extensions.swift in Sources */,
				BBCD56F62A94A02000F9BF61 /* UILabel+Extensions.swift in Sources */,
				BBC58CED2AB8A7A600C4E32E /* SavedStyle.swift in Sources */,
				BBCD56FA2A94A81100F9BF61 /* RegistrationStyle.swift in Sources */,
				BB298AC62AAF4DD100137FB6 /* HomeWelcomeView.swift in Sources */,
				BB298ABA2AAF225700137FB6 /* SavedInteractor.swift in Sources */,
				BBD3F36D2A8183BC00369CB2 /* SceneDelegate.swift in Sources */,
				BB34BB902A88C1EA006C2732 /* LoginConfigurator.swift in Sources */,
				BB298A6B2AAB485900137FB6 /* SavedView.swift in Sources */,
				BBCD571F2AA0C53600F9BF61 /* HomeStyle.swift in Sources */,
				BBA296242A863146004996DE /* WelcomeEntity.swift in Sources */,
				BB48D86B2AA740EE00A874AC /* FatSecretProvider.swift in Sources */,
				BB6782992AC2E840003AF9D8 /* CalorieCounterStyle.swift in Sources */,
				BB112EE12AA5B4D50034C9B5 /* ProductCell.swift in Sources */,
				BB298AD22AB0825E00137FB6 /* KeyboardManagingService.swift in Sources */,
				BBCD56FC2A94A8C500F9BF61 /* GeneralStyle.swift in Sources */,
				BBCD56E42A914ABC00F9BF61 /* HomeInteractor.swift in Sources */,
			);
			runOnlyForDeploymentPostprocessing = 0;
		};
/* End PBXSourcesBuildPhase section */

/* Begin PBXVariantGroup section */
		BBD3F3752A8183BD00369CB2 /* LaunchScreen.storyboard */ = {
			isa = PBXVariantGroup;
			children = (
				BBD3F3762A8183BD00369CB2 /* Base */,
			);
			name = LaunchScreen.storyboard;
			sourceTree = "<group>";
		};
/* End PBXVariantGroup section */

/* Begin XCBuildConfiguration section */
		BBD3F3792A8183BD00369CB2 /* Debug */ = {
			isa = XCBuildConfiguration;
			buildSettings = {
				ALWAYS_SEARCH_USER_PATHS = NO;
				CLANG_ANALYZER_NONNULL = YES;
				CLANG_ANALYZER_NUMBER_OBJECT_CONVERSION = YES_AGGRESSIVE;
				CLANG_CXX_LANGUAGE_STANDARD = "gnu++20";
				CLANG_ENABLE_MODULES = YES;
				CLANG_ENABLE_OBJC_ARC = YES;
				CLANG_ENABLE_OBJC_WEAK = YES;
				CLANG_WARN_BLOCK_CAPTURE_AUTORELEASING = YES;
				CLANG_WARN_BOOL_CONVERSION = YES;
				CLANG_WARN_COMMA = YES;
				CLANG_WARN_CONSTANT_CONVERSION = YES;
				CLANG_WARN_DEPRECATED_OBJC_IMPLEMENTATIONS = YES;
				CLANG_WARN_DIRECT_OBJC_ISA_USAGE = YES_ERROR;
				CLANG_WARN_DOCUMENTATION_COMMENTS = YES;
				CLANG_WARN_EMPTY_BODY = YES;
				CLANG_WARN_ENUM_CONVERSION = YES;
				CLANG_WARN_INFINITE_RECURSION = YES;
				CLANG_WARN_INT_CONVERSION = YES;
				CLANG_WARN_NON_LITERAL_NULL_CONVERSION = YES;
				CLANG_WARN_OBJC_IMPLICIT_RETAIN_SELF = YES;
				CLANG_WARN_OBJC_LITERAL_CONVERSION = YES;
				CLANG_WARN_OBJC_ROOT_CLASS = YES_ERROR;
				CLANG_WARN_QUOTED_INCLUDE_IN_FRAMEWORK_HEADER = YES;
				CLANG_WARN_RANGE_LOOP_ANALYSIS = YES;
				CLANG_WARN_STRICT_PROTOTYPES = YES;
				CLANG_WARN_SUSPICIOUS_MOVE = YES;
				CLANG_WARN_UNGUARDED_AVAILABILITY = YES_AGGRESSIVE;
				CLANG_WARN_UNREACHABLE_CODE = YES;
				CLANG_WARN__DUPLICATE_METHOD_MATCH = YES;
				COPY_PHASE_STRIP = NO;
				DEBUG_INFORMATION_FORMAT = dwarf;
				ENABLE_STRICT_OBJC_MSGSEND = YES;
				ENABLE_TESTABILITY = YES;
				GCC_C_LANGUAGE_STANDARD = gnu11;
				GCC_DYNAMIC_NO_PIC = NO;
				GCC_NO_COMMON_BLOCKS = YES;
				GCC_OPTIMIZATION_LEVEL = 0;
				GCC_PREPROCESSOR_DEFINITIONS = (
					"DEBUG=1",
					"$(inherited)",
				);
				GCC_WARN_64_TO_32_BIT_CONVERSION = YES;
				GCC_WARN_ABOUT_RETURN_TYPE = YES_ERROR;
				GCC_WARN_UNDECLARED_SELECTOR = YES;
				GCC_WARN_UNINITIALIZED_AUTOS = YES_AGGRESSIVE;
				GCC_WARN_UNUSED_FUNCTION = YES;
				GCC_WARN_UNUSED_VARIABLE = YES;
				IPHONEOS_DEPLOYMENT_TARGET = 16.0;
				MTL_ENABLE_DEBUG_INFO = INCLUDE_SOURCE;
				MTL_FAST_MATH = YES;
				ONLY_ACTIVE_ARCH = YES;
				SDKROOT = iphoneos;
				SWIFT_ACTIVE_COMPILATION_CONDITIONS = DEBUG;
				SWIFT_OPTIMIZATION_LEVEL = "-Onone";
			};
			name = Debug;
		};
		BBD3F37A2A8183BD00369CB2 /* Release */ = {
			isa = XCBuildConfiguration;
			buildSettings = {
				ALWAYS_SEARCH_USER_PATHS = NO;
				CLANG_ANALYZER_NONNULL = YES;
				CLANG_ANALYZER_NUMBER_OBJECT_CONVERSION = YES_AGGRESSIVE;
				CLANG_CXX_LANGUAGE_STANDARD = "gnu++20";
				CLANG_ENABLE_MODULES = YES;
				CLANG_ENABLE_OBJC_ARC = YES;
				CLANG_ENABLE_OBJC_WEAK = YES;
				CLANG_WARN_BLOCK_CAPTURE_AUTORELEASING = YES;
				CLANG_WARN_BOOL_CONVERSION = YES;
				CLANG_WARN_COMMA = YES;
				CLANG_WARN_CONSTANT_CONVERSION = YES;
				CLANG_WARN_DEPRECATED_OBJC_IMPLEMENTATIONS = YES;
				CLANG_WARN_DIRECT_OBJC_ISA_USAGE = YES_ERROR;
				CLANG_WARN_DOCUMENTATION_COMMENTS = YES;
				CLANG_WARN_EMPTY_BODY = YES;
				CLANG_WARN_ENUM_CONVERSION = YES;
				CLANG_WARN_INFINITE_RECURSION = YES;
				CLANG_WARN_INT_CONVERSION = YES;
				CLANG_WARN_NON_LITERAL_NULL_CONVERSION = YES;
				CLANG_WARN_OBJC_IMPLICIT_RETAIN_SELF = YES;
				CLANG_WARN_OBJC_LITERAL_CONVERSION = YES;
				CLANG_WARN_OBJC_ROOT_CLASS = YES_ERROR;
				CLANG_WARN_QUOTED_INCLUDE_IN_FRAMEWORK_HEADER = YES;
				CLANG_WARN_RANGE_LOOP_ANALYSIS = YES;
				CLANG_WARN_STRICT_PROTOTYPES = YES;
				CLANG_WARN_SUSPICIOUS_MOVE = YES;
				CLANG_WARN_UNGUARDED_AVAILABILITY = YES_AGGRESSIVE;
				CLANG_WARN_UNREACHABLE_CODE = YES;
				CLANG_WARN__DUPLICATE_METHOD_MATCH = YES;
				COPY_PHASE_STRIP = NO;
				DEBUG_INFORMATION_FORMAT = "dwarf-with-dsym";
				ENABLE_NS_ASSERTIONS = NO;
				ENABLE_STRICT_OBJC_MSGSEND = YES;
				GCC_C_LANGUAGE_STANDARD = gnu11;
				GCC_NO_COMMON_BLOCKS = YES;
				GCC_WARN_64_TO_32_BIT_CONVERSION = YES;
				GCC_WARN_ABOUT_RETURN_TYPE = YES_ERROR;
				GCC_WARN_UNDECLARED_SELECTOR = YES;
				GCC_WARN_UNINITIALIZED_AUTOS = YES_AGGRESSIVE;
				GCC_WARN_UNUSED_FUNCTION = YES;
				GCC_WARN_UNUSED_VARIABLE = YES;
				IPHONEOS_DEPLOYMENT_TARGET = 16.0;
				MTL_ENABLE_DEBUG_INFO = NO;
				MTL_FAST_MATH = YES;
				SDKROOT = iphoneos;
				SWIFT_COMPILATION_MODE = wholemodule;
				SWIFT_OPTIMIZATION_LEVEL = "-O";
				VALIDATE_PRODUCT = YES;
			};
			name = Release;
		};
		BBD3F37C2A8183BD00369CB2 /* Debug */ = {
			isa = XCBuildConfiguration;
			buildSettings = {
				ASSETCATALOG_COMPILER_APPICON_NAME = AppIcon;
				ASSETCATALOG_COMPILER_GLOBAL_ACCENT_COLOR_NAME = AccentColor;
				CODE_SIGN_STYLE = Automatic;
				CURRENT_PROJECT_VERSION = 1;
				DEVELOPMENT_TEAM = 8C6338U8JH;
				GENERATE_INFOPLIST_FILE = YES;
				INFOPLIST_FILE = RecipeApp/Info.plist;
				INFOPLIST_KEY_UIApplicationSupportsIndirectInputEvents = YES;
				INFOPLIST_KEY_UILaunchStoryboardName = LaunchScreen;
				INFOPLIST_KEY_UIMainStoryboardFile = "";
				INFOPLIST_KEY_UISupportedInterfaceOrientations_iPad = "UIInterfaceOrientationPortrait UIInterfaceOrientationPortraitUpsideDown UIInterfaceOrientationLandscapeLeft UIInterfaceOrientationLandscapeRight";
				INFOPLIST_KEY_UISupportedInterfaceOrientations_iPhone = "UIInterfaceOrientationPortrait UIInterfaceOrientationLandscapeLeft UIInterfaceOrientationLandscapeRight";
				IPHONEOS_DEPLOYMENT_TARGET = 15.0;
				LD_RUNPATH_SEARCH_PATHS = (
					"$(inherited)",
					"@executable_path/Frameworks",
				);
				MARKETING_VERSION = 1.0;
				PRODUCT_BUNDLE_IDENTIFIER = babanin.RecipeApp;
				PRODUCT_NAME = "$(TARGET_NAME)";
				SWIFT_EMIT_LOC_STRINGS = YES;
				SWIFT_VERSION = 5.0;
				TARGETED_DEVICE_FAMILY = "1,2";
			};
			name = Debug;
		};
		BBD3F37D2A8183BD00369CB2 /* Release */ = {
			isa = XCBuildConfiguration;
			buildSettings = {
				ASSETCATALOG_COMPILER_APPICON_NAME = AppIcon;
				ASSETCATALOG_COMPILER_GLOBAL_ACCENT_COLOR_NAME = AccentColor;
				CODE_SIGN_STYLE = Automatic;
				CURRENT_PROJECT_VERSION = 1;
				DEVELOPMENT_TEAM = 8C6338U8JH;
				GENERATE_INFOPLIST_FILE = YES;
				INFOPLIST_FILE = RecipeApp/Info.plist;
				INFOPLIST_KEY_UIApplicationSupportsIndirectInputEvents = YES;
				INFOPLIST_KEY_UILaunchStoryboardName = LaunchScreen;
				INFOPLIST_KEY_UIMainStoryboardFile = "";
				INFOPLIST_KEY_UISupportedInterfaceOrientations_iPad = "UIInterfaceOrientationPortrait UIInterfaceOrientationPortraitUpsideDown UIInterfaceOrientationLandscapeLeft UIInterfaceOrientationLandscapeRight";
				INFOPLIST_KEY_UISupportedInterfaceOrientations_iPhone = "UIInterfaceOrientationPortrait UIInterfaceOrientationLandscapeLeft UIInterfaceOrientationLandscapeRight";
				IPHONEOS_DEPLOYMENT_TARGET = 15.0;
				LD_RUNPATH_SEARCH_PATHS = (
					"$(inherited)",
					"@executable_path/Frameworks",
				);
				MARKETING_VERSION = 1.0;
				PRODUCT_BUNDLE_IDENTIFIER = babanin.RecipeApp;
				PRODUCT_NAME = "$(TARGET_NAME)";
				SWIFT_EMIT_LOC_STRINGS = YES;
				SWIFT_VERSION = 5.0;
				TARGETED_DEVICE_FAMILY = "1,2";
			};
			name = Release;
		};
/* End XCBuildConfiguration section */

/* Begin XCConfigurationList section */
		BBD3F3622A8183BC00369CB2 /* Build configuration list for PBXProject "RecipeApp" */ = {
			isa = XCConfigurationList;
			buildConfigurations = (
				BBD3F3792A8183BD00369CB2 /* Debug */,
				BBD3F37A2A8183BD00369CB2 /* Release */,
			);
			defaultConfigurationIsVisible = 0;
			defaultConfigurationName = Release;
		};
		BBD3F37B2A8183BD00369CB2 /* Build configuration list for PBXNativeTarget "RecipeApp" */ = {
			isa = XCConfigurationList;
			buildConfigurations = (
				BBD3F37C2A8183BD00369CB2 /* Debug */,
				BBD3F37D2A8183BD00369CB2 /* Release */,
			);
			defaultConfigurationIsVisible = 0;
			defaultConfigurationName = Release;
		};
/* End XCConfigurationList section */

/* Begin XCRemoteSwiftPackageReference section */
		BB0C2B282AA9BEEE0077DCB8 /* XCRemoteSwiftPackageReference "CryptoSwift" */ = {
			isa = XCRemoteSwiftPackageReference;
			repositoryURL = "https://github.com/krzyzanowskim/CryptoSwift";
			requirement = {
				kind = upToNextMajorVersion;
				minimumVersion = 1.0.0;
			};
		};
		BB0C791D2AB6F4F700133319 /* XCRemoteSwiftPackageReference "SwipeCellKit" */ = {
			isa = XCRemoteSwiftPackageReference;
			repositoryURL = "https://github.com/SwipeCellKit/SwipeCellKit";
			requirement = {
				kind = upToNextMajorVersion;
				minimumVersion = 2.7.1;
			};
		};
		BBB1FA572ABD896800E403BB /* XCRemoteSwiftPackageReference "Charts" */ = {
			isa = XCRemoteSwiftPackageReference;
			repositoryURL = "https://github.com/danielgindi/Charts";
			requirement = {
				kind = upToNextMajorVersion;
				minimumVersion = 5.0.0;
			};
		};
		BBCD57012A94C78800F9BF61 /* XCRemoteSwiftPackageReference "firebase-ios-sdk" */ = {
			isa = XCRemoteSwiftPackageReference;
			repositoryURL = "https://github.com/firebase/firebase-ios-sdk";
			requirement = {
				kind = upToNextMajorVersion;
				minimumVersion = 10.0.0;
			};
		};
		BBCD57092A94F7FF00F9BF61 /* XCRemoteSwiftPackageReference "lottie-ios" */ = {
			isa = XCRemoteSwiftPackageReference;
			repositoryURL = "https://github.com/airbnb/lottie-ios.git";
			requirement = {
				kind = upToNextMajorVersion;
				minimumVersion = 4.0.0;
			};
		};
/* End XCRemoteSwiftPackageReference section */

/* Begin XCSwiftPackageProductDependency section */
		BB0C2B292AA9BEEE0077DCB8 /* CryptoSwift */ = {
			isa = XCSwiftPackageProductDependency;
			package = BB0C2B282AA9BEEE0077DCB8 /* XCRemoteSwiftPackageReference "CryptoSwift" */;
			productName = CryptoSwift;
		};
		BB0C791E2AB6F4F700133319 /* SwipeCellKit */ = {
			isa = XCSwiftPackageProductDependency;
			package = BB0C791D2AB6F4F700133319 /* XCRemoteSwiftPackageReference "SwipeCellKit" */;
			productName = SwipeCellKit;
		};
		BBB1FA582ABD896800E403BB /* DGCharts */ = {
			isa = XCSwiftPackageProductDependency;
			package = BBB1FA572ABD896800E403BB /* XCRemoteSwiftPackageReference "Charts" */;
			productName = DGCharts;
		};
		BBB1FA5A2ABD896800E403BB /* DGChartsDynamic */ = {
			isa = XCSwiftPackageProductDependency;
			package = BBB1FA572ABD896800E403BB /* XCRemoteSwiftPackageReference "Charts" */;
			productName = DGChartsDynamic;
		};
		BBCD57022A94C78800F9BF61 /* FirebaseAuth */ = {
			isa = XCSwiftPackageProductDependency;
			package = BBCD57012A94C78800F9BF61 /* XCRemoteSwiftPackageReference "firebase-ios-sdk" */;
			productName = FirebaseAuth;
		};
		BBCD57042A94C78800F9BF61 /* FirebaseDatabaseSwift */ = {
			isa = XCSwiftPackageProductDependency;
			package = BBCD57012A94C78800F9BF61 /* XCRemoteSwiftPackageReference "firebase-ios-sdk" */;
			productName = FirebaseDatabaseSwift;
		};
		BBCD570A2A94F7FF00F9BF61 /* Lottie */ = {
			isa = XCSwiftPackageProductDependency;
			package = BBCD57092A94F7FF00F9BF61 /* XCRemoteSwiftPackageReference "lottie-ios" */;
			productName = Lottie;
		};
/* End XCSwiftPackageProductDependency section */
	};
	rootObject = BBD3F35F2A8183BC00369CB2 /* Project object */;
}
